
Microsoft Visual Studio Solution File, Format Version 12.00
# Visual Studio Version 17
VisualStudioVersion = 17.6.33815.320
MinimumVisualStudioVersion = 10.0.40219.1
Project("{FAE04EC0-301F-11D3-BF4B-00C04F79EFBC}") = "HW.8.6.1", "HW.8.6.1\HW.8.6.1.csproj", "{ABC5F1A0-4709-43E9-AD4E-3EEAD26EDC4C}"
EndProject
Global
	GlobalSection(SolutionConfigurationPlatforms) = preSolution
		Debug|Any CPU = Debug|Any CPU
		Release|Any CPU = Release|Any CPU
	EndGlobalSection
	GlobalSection(ProjectConfigurationPlatforms) = postSolution
		{ABC5F1A0-4709-43E9-AD4E-3EEAD26EDC4C}.Debug|Any CPU.ActiveCfg = Debug|Any CPU
		{ABC5F1A0-4709-43E9-AD4E-3EEAD26EDC4C}.Debug|Any CPU.Build.0 = Debug|Any CPU
		{ABC5F1A0-4709-43E9-AD4E-3EEAD26EDC4C}.Release|Any CPU.ActiveCfg = Release|Any CPU
		{ABC5F1A0-4709-43E9-AD4E-3EEAD26EDC4C}.Release|Any CPU.Build.0 = Release|Any CPU
	EndGlobalSection
	GlobalSection(SolutionProperties) = preSolution
		HideSolutionNode = FALSE
	EndGlobalSection
	GlobalSection(ExtensibilityGlobals) = postSolution
		SolutionGuid = {C7655949-4D3B-4DF9-9F79-EB856EBF5049}
	EndGlobalSection
EndGlobal
